
Microsoft Visual Studio Solution File, Format Version 12.00
# Visual Studio 15
VisualStudioVersion = 15.0.28307.572
MinimumVisualStudioVersion = 10.0.40219.1
Project("{FAE04EC0-301F-11D3-BF4B-00C04F79EFBC}") = "BottomsSupAPI", "BottomsSupAPI\BottomsSupAPI.csproj", "{0E0CAACB-54AF-41AC-A9A9-91624AAB6693}"
EndProject
Global
	GlobalSection(SolutionConfigurationPlatforms) = preSolution
		Debug|Any CPU = Debug|Any CPU
		Release|Any CPU = Release|Any CPU
	EndGlobalSection
	GlobalSection(ProjectConfigurationPlatforms) = postSolution
		{0E0CAACB-54AF-41AC-A9A9-91624AAB6693}.Debug|Any CPU.ActiveCfg = Debug|Any CPU
		{0E0CAACB-54AF-41AC-A9A9-91624AAB6693}.Debug|Any CPU.Build.0 = Debug|Any CPU
		{0E0CAACB-54AF-41AC-A9A9-91624AAB6693}.Release|Any CPU.ActiveCfg = Release|Any CPU
		{0E0CAACB-54AF-41AC-A9A9-91624AAB6693}.Release|Any CPU.Build.0 = Release|Any CPU
	EndGlobalSection
	GlobalSection(SolutionProperties) = preSolution
		HideSolutionNode = FALSE
	EndGlobalSection
	GlobalSection(ExtensibilityGlobals) = postSolution
		SolutionGuid = {F77F2CC4-A18E-492E-BBA6-9F0C48A1D0D7}
	EndGlobalSection
EndGlobal
