
Microsoft Visual Studio Solution File, Format Version 12.00
# Visual Studio 15
VisualStudioVersion = 15.0.28307.572
MinimumVisualStudioVersion = 10.0.40219.1
Project("{FAE04EC0-301F-11D3-BF4B-00C04F79EFBC}") = "BottomsSupAPI", "BottomsSupAPI\BottomsSupAPI.csproj", "{CEDA247B-B01B-479B-A261-D752F61F2319}"
EndProject
Global
	GlobalSection(SolutionConfigurationPlatforms) = preSolution
		Debug|Any CPU = Debug|Any CPU
		Release|Any CPU = Release|Any CPU
	EndGlobalSection
	GlobalSection(ProjectConfigurationPlatforms) = postSolution
		{CEDA247B-B01B-479B-A261-D752F61F2319}.Debug|Any CPU.ActiveCfg = Debug|Any CPU
		{CEDA247B-B01B-479B-A261-D752F61F2319}.Debug|Any CPU.Build.0 = Debug|Any CPU
		{CEDA247B-B01B-479B-A261-D752F61F2319}.Release|Any CPU.ActiveCfg = Release|Any CPU
		{CEDA247B-B01B-479B-A261-D752F61F2319}.Release|Any CPU.Build.0 = Release|Any CPU
	EndGlobalSection
	GlobalSection(SolutionProperties) = preSolution
		HideSolutionNode = FALSE
	EndGlobalSection
	GlobalSection(ExtensibilityGlobals) = postSolution
		SolutionGuid = {5D2856C9-8851-4989-B64B-FCBA6F5C69BA}
	EndGlobalSection
EndGlobal
